// !$*UTF8*$!
{
	archiveVersion = 1;
	classes = {
	};
	objectVersion = 46;
	objects = {

/* Begin PBXBuildFile section */
		41F749D91C959C9200113456 /* AppDelegate.swift in Sources */ = {isa = PBXBuildFile; fileRef = 41F749D81C959C9200113456 /* AppDelegate.swift */; };
		41F749DB1C959C9200113456 /* ViewController.swift in Sources */ = {isa = PBXBuildFile; fileRef = 41F749DA1C959C9200113456 /* ViewController.swift */; };
		41F749DE1C959C9200113456 /* Main.storyboard in Resources */ = {isa = PBXBuildFile; fileRef = 41F749DC1C959C9200113456 /* Main.storyboard */; };
		41F749E01C959C9200113456 /* Assets.xcassets in Resources */ = {isa = PBXBuildFile; fileRef = 41F749DF1C959C9200113456 /* Assets.xcassets */; };
		41F749E31C959C9200113456 /* LaunchScreen.storyboard in Resources */ = {isa = PBXBuildFile; fileRef = 41F749E11C959C9200113456 /* LaunchScreen.storyboard */; };
/* End PBXBuildFile section */

/* Begin PBXFileReference section */
		41F749D51C959C9200113456 /* PageView.app */ = {isa = PBXFileReference; explicitFileType = wrapper.application; includeInIndex = 0; path = PageView.app; sourceTree = BUILT_PRODUCTS_DIR; };
		41F749D81C959C9200113456 /* AppDelegate.swift */ = {isa = PBXFileReference; lastKnownFileType = sourcecode.swift; path = AppDelegate.swift; sourceTree = "<group>"; };
		41F749DA1C959C9200113456 /* ViewController.swift */ = {isa = PBXFileReference; lastKnownFileType = sourcecode.swift; path = ViewController.swift; sourceTree = "<group>"; };
		41F749DD1C959C9200113456 /* Base */ = {isa = PBXFileReference; lastKnownFileType = file.storyboard; name = Base; path = Base.lproj/Main.storyboard; sourceTree = "<group>"; };
		41F749DF1C959C9200113456 /* Assets.xcassets */ = {isa = PBXFileReference; lastKnownFileType = folder.assetcatalog; path = Assets.xcassets; sourceTree = "<group>"; };
		41F749E21C959C9200113456 /* Base */ = {isa = PBXFileReference; lastKnownFileType = file.storyboard; name = Base; path = Base.lproj/LaunchScreen.storyboard; sourceTree = "<group>"; };
		41F749E41C959C9200113456 /* Info.plist */ = {isa = PBXFileReference; lastKnownFileType = text.plist.xml; path = Info.plist; sourceTree = "<group>"; };
/* End PBXFileReference section */

/* Begin PBXFrameworksBuildPhase section */
		41F749D21C959C9200113456 /* Frameworks */ = {
			isa = PBXFrameworksBuildPhase;
			buildActionMask = 2147483647;
			files = (
			);
			runOnlyForDeploymentPostprocessing = 0;
		};
/* End PBXFrameworksBuildPhase section */

/* Begin PBXGroup section */
		41F749CC1C959C9200113456 = {
			isa = PBXGroup;
			children = (
				41F749D71C959C9200113456 /* PageView */,
				41F749D61C959C9200113456 /* Products */,
			);
			sourceTree = "<group>";
		};
		41F749D61C959C9200113456 /* Products */ = {
			isa = PBXGroup;
			children = (
				41F749D51C959C9200113456 /* PageView.app */,
			);
			name = Products;
			sourceTree = "<group>";
		};
		41F749D71C959C9200113456 /* PageView */ = {
			isa = PBXGroup;
			children = (
				41F749D81C959C9200113456 /* AppDelegate.swift */,
				41F749DA1C959C9200113456 /* ViewController.swift */,
				41F749DC1C959C9200113456 /* Main.storyboard */,
				41F749DF1C959C9200113456 /* Assets.xcassets */,
				41F749E11C959C9200113456 /* LaunchScreen.storyboard */,
				41F749E41C959C9200113456 /* Info.plist */,
			);
			path = PageView;
			sourceTree = "<group>";
		};
/* End PBXGroup section */

/* Begin PBXNativeTarget section */
		41F749D41C959C9200113456 /* PageView */ = {
			isa = PBXNativeTarget;
			buildConfigurationList = 41F749E71C959C9200113456 /* Build configuration list for PBXNativeTarget "PageView" */;
			buildPhases = (
				41F749D11C959C9200113456 /* Sources */,
				41F749D21C959C9200113456 /* Frameworks */,
				41F749D31C959C9200113456 /* Resources */,
			);
			buildRules = (
			);
			dependencies = (
			);
			name = PageView;
			productName = PageView;
			productReference = 41F749D51C959C9200113456 /* PageView.app */;
			productType = "com.apple.product-type.application";
		};
/* End PBXNativeTarget section */

/* Begin PBXProject section */
		41F749CD1C959C9200113456 /* Project object */ = {
			isa = PBXProject;
			attributes = {
				LastSwiftUpdateCheck = 0720;
				LastUpgradeCheck = 0720;
				ORGANIZATIONNAME = "왕승현";
				TargetAttributes = {
					41F749D41C959C9200113456 = {
						CreatedOnToolsVersion = 7.2;
						DevelopmentTeam = 948BK35888;
					};
				};
			};
			buildConfigurationList = 41F749D01C959C9200113456 /* Build configuration list for PBXProject "PageView" */;
			compatibilityVersion = "Xcode 3.2";
			developmentRegion = English;
			hasScannedForEncodings = 0;
			knownRegions = (
				en,
				Base,
			);
			mainGroup = 41F749CC1C959C9200113456;
			productRefGroup = 41F749D61C959C9200113456 /* Products */;
			projectDirPath = "";
			projectRoot = "";
			targets = (
				41F749D41C959C9200113456 /* PageView */,
			);
		};
/* End PBXProject section */

/* Begin PBXResourcesBuildPhase section */
		41F749D31C959C9200113456 /* Resources */ = {
			isa = PBXResourcesBuildPhase;
			buildActionMask = 2147483647;
			files = (
				41F749E31C959C9200113456 /* LaunchScreen.storyboard in Resources */,
				41F749E01C959C9200113456 /* Assets.xcassets in Resources */,
				41F749DE1C959C9200113456 /* Main.storyboard in Resources */,
			);
			runOnlyForDeploymentPostprocessing = 0;
		};
/* End PBXResourcesBuildPhase section */

/* Begin PBXSourcesBuildPhase section */
		41F749D11C959C9200113456 /* Sources */ = {
			isa = PBXSourcesBuildPhase;
			buildActionMask = 2147483647;
			files = (
				41F749DB1C959C9200113456 /* ViewController.swift in Sources */,
				41F749D91C959C9200113456 /* AppDelegate.swift in Sources */,
			);
			runOnlyForDeploymentPostprocessing = 0;
		};
/* End PBXSourcesBuildPhase section */

/* Begin PBXVariantGroup section */
		41F749DC1C959C9200113456 /* Main.storyboard */ = {
			isa = PBXVariantGroup;
			children = (
				41F749DD1C959C9200113456 /* Base */,
			);
			name = Main.storyboard;
			sourceTree = "<group>";
		};
		41F749E11C959C9200113456 /* LaunchScreen.storyboard */ = {
			isa = PBXVariantGroup;
			children = (
				41F749E21C959C9200113456 /* Base */,
			);
			name = LaunchScreen.storyboard;
			sourceTree = "<group>";
		};
/* End PBXVariantGroup section */

/* Begin XCBuildConfiguration section */
		41F749E51C959C9200113456 /* Debug */ = {
			isa = XCBuildConfiguration;
			buildSettings = {
				ALWAYS_SEARCH_USER_PATHS = NO;
				CLANG_CXX_LANGUAGE_STANDARD = "gnu++0x";
				CLANG_CXX_LIBRARY = "libc++";
				CLANG_ENABLE_MODULES = YES;
				CLANG_ENABLE_OBJC_ARC = YES;
				CLANG_WARN_BOOL_CONVERSION = YES;
				CLANG_WARN_CONSTANT_CONVERSION = YES;
				CLANG_WARN_DIRECT_OBJC_ISA_USAGE = YES_ERROR;
				CLANG_WARN_EMPTY_BODY = YES;
				CLANG_WARN_ENUM_CONVERSION = YES;
				CLANG_WARN_INT_CONVERSION = YES;
				CLANG_WARN_OBJC_ROOT_CLASS = YES_ERROR;
				CLANG_WARN_UNREACHABLE_CODE = YES;
				CLANG_WARN__DUPLICATE_METHOD_MATCH = YES;
				"CODE_SIGN_IDENTITY[sdk=iphoneos*]" = "iPhone Developer";
				COPY_PHASE_STRIP = NO;
				DEBUG_INFORMATION_FORMAT = dwarf;
				ENABLE_STRICT_OBJC_MSGSEND = YES;
				ENABLE_TESTABILITY = YES;
				GCC_C_LANGUAGE_STANDARD = gnu99;
				GCC_DYNAMIC_NO_PIC = NO;
				GCC_NO_COMMON_BLOCKS = YES;
				GCC_OPTIMIZATION_LEVEL = 0;
				GCC_PREPROCESSOR_DEFINITIONS = (
					"DEBUG=1",
					"$(inherited)",
				);
				GCC_WARN_64_TO_32_BIT_CONVERSION = YES;
				GCC_WARN_ABOUT_RETURN_TYPE = YES_ERROR;
				GCC_WARN_UNDECLARED_SELECTOR = YES;
				GCC_WARN_UNINITIALIZED_AUTOS = YES_AGGRESSIVE;
				GCC_WARN_UNUSED_FUNCTION = YES;
				GCC_WARN_UNUSED_VARIABLE = YES;
				IPHONEOS_DEPLOYMENT_TARGET = 9.2;
				MTL_ENABLE_DEBUG_INFO = YES;
				ONLY_ACTIVE_ARCH = YES;
				SDKROOT = iphoneos;
				SWIFT_OPTIMIZATION_LEVEL = "-Onone";
				TARGETED_DEVICE_FAMILY = "1,2";
			};
			name = Debug;
		};
		41F749E61C959C9200113456 /* Release */ = {
			isa = XCBuildConfiguration;
			buildSettings = {
				ALWAYS_SEARCH_USER_PATHS = NO;
				CLANG_CXX_LANGUAGE_STANDARD = "gnu++0x";
				CLANG_CXX_LIBRARY = "libc++";
				CLANG_ENABLE_MODULES = YES;
				CLANG_ENABLE_OBJC_ARC = YES;
				CLANG_WARN_BOOL_CONVERSION = YES;
				CLANG_WARN_CONSTANT_CONVERSION = YES;
				CLANG_WARN_DIRECT_OBJC_ISA_USAGE = YES_ERROR;
				CLANG_WARN_EMPTY_BODY = YES;
				CLANG_WARN_ENUM_CONVERSION = YES;
				CLANG_WARN_INT_CONVERSION = YES;
				CLANG_WARN_OBJC_ROOT_CLASS = YES_ERROR;
				CLANG_WARN_UNREACHABLE_CODE = YES;
				CLANG_WARN__DUPLICATE_METHOD_MATCH = YES;
				"CODE_SIGN_IDENTITY[sdk=iphoneos*]" = "iPhone Developer";
				COPY_PHASE_STRIP = NO;
				DEBUG_INFORMATION_FORMAT = "dwarf-with-dsym";
				ENABLE_NS_ASSERTIONS = NO;
				ENABLE_STRICT_OBJC_MSGSEND = YES;
				GCC_C_LANGUAGE_STANDARD = gnu99;
				GCC_NO_COMMON_BLOCKS = YES;
				GCC_WARN_64_TO_32_BIT_CONVERSION = YES;
				GCC_WARN_ABOUT_RETURN_TYPE = YES_ERROR;
				GCC_WARN_UNDECLARED_SELECTOR = YES;
				GCC_WARN_UNINITIALIZED_AUTOS = YES_AGGRESSIVE;
				GCC_WARN_UNUSED_FUNCTION = YES;
				GCC_WARN_UNUSED_VARIABLE = YES;
				IPHONEOS_DEPLOYMENT_TARGET = 9.2;
				MTL_ENABLE_DEBUG_INFO = NO;
				SDKROOT = iphoneos;
				TARGETED_DEVICE_FAMILY = "1,2";
				VALIDATE_PRODUCT = YES;
			};
			name = Release;
		};
		41F749E81C959C9200113456 /* Debug */ = {
			isa = XCBuildConfiguration;
			buildSettings = {
				ASSETCATALOG_COMPILER_APPICON_NAME = AppIcon;
				INFOPLIST_FILE = PageView/Info.plist;
				LD_RUNPATH_SEARCH_PATHS = "$(inherited) @executable_path/Frameworks";
				PRODUCT_BUNDLE_IDENTIFIER = ingyoe.PageView;
				PRODUCT_NAME = "$(TARGET_NAME)";
			};
			name = Debug;
		};
		41F749E91C959C9200113456 /* Release */ = {
			isa = XCBuildConfiguration;
			buildSettings = {
				ASSETCATALOG_COMPILER_APPICON_NAME = AppIcon;
				INFOPLIST_FILE = PageView/Info.plist;
				LD_RUNPATH_SEARCH_PATHS = "$(inherited) @executable_path/Frameworks";
				PRODUCT_BUNDLE_IDENTIFIER = ingyoe.PageView;
				PRODUCT_NAME = "$(TARGET_NAME)";
			};
			name = Release;
		};
/* End XCBuildConfiguration section */

/* Begin XCConfigurationList section */
		41F749D01C959C9200113456 /* Build configuration list for PBXProject "PageView" */ = {
			isa = XCConfigurationList;
			buildConfigurations = (
				41F749E51C959C9200113456 /* Debug */,
				41F749E61C959C9200113456 /* Release */,
			);
			defaultConfigurationIsVisible = 0;
			defaultConfigurationName = Release;
		};
		41F749E71C959C9200113456 /* Build configuration list for PBXNativeTarget "PageView" */ = {
			isa = XCConfigurationList;
			buildConfigurations = (
				41F749E81C959C9200113456 /* Debug */,
				41F749E91C959C9200113456 /* Release */,
			);
			defaultConfigurationIsVisible = 0;
		};
/* End XCConfigurationList section */
	};
	rootObject = 41F749CD1C959C9200113456 /* Project object */;
}
